// !$*UTF8*$!
{
	archiveVersion = 1;
	classes = {
	};
	objectVersion = 46;
	objects = {

/* Begin PBXBuildFile section */
		6AC811C4173DB2E100DAFDE2 /* UIKit.framework in Frameworks */ = {isa = PBXBuildFile; fileRef = 6AC811C3173DB2E100DAFDE2 /* UIKit.framework */; };
		6AC811C6173DB2E100DAFDE2 /* Foundation.framework in Frameworks */ = {isa = PBXBuildFile; fileRef = 6AC811C5173DB2E100DAFDE2 /* Foundation.framework */; };
		6AC811C8173DB2E100DAFDE2 /* CoreGraphics.framework in Frameworks */ = {isa = PBXBuildFile; fileRef = 6AC811C7173DB2E100DAFDE2 /* CoreGraphics.framework */; };
		6AC811CE173DB2E100DAFDE2 /* InfoPlist.strings in Resources */ = {isa = PBXBuildFile; fileRef = 6AC811CC173DB2E100DAFDE2 /* InfoPlist.strings */; };
		6AC811D0173DB2E100DAFDE2 /* main.m in Sources */ = {isa = PBXBuildFile; fileRef = 6AC811CF173DB2E100DAFDE2 /* main.m */; };
		6AC811D4173DB2E100DAFDE2 /* AppDelegate.m in Sources */ = {isa = PBXBuildFile; fileRef = 6AC811D3173DB2E100DAFDE2 /* AppDelegate.m */; };
		6AC811D6173DB2E100DAFDE2 /* Default.png in Resources */ = {isa = PBXBuildFile; fileRef = 6AC811D5173DB2E100DAFDE2 /* Default.png */; };
		6AC811D8173DB2E100DAFDE2 /* Default@2x.png in Resources */ = {isa = PBXBuildFile; fileRef = 6AC811D7173DB2E100DAFDE2 /* Default@2x.png */; };
		6AC811DA173DB2E100DAFDE2 /* Default-568h@2x.png in Resources */ = {isa = PBXBuildFile; fileRef = 6AC811D9173DB2E100DAFDE2 /* Default-568h@2x.png */; };
		6AC8122B173DB34900DAFDE2 /* ASIWebPageRequest.m in Sources */ = {isa = PBXBuildFile; fileRef = 6AC811FF173DB34900DAFDE2 /* ASIWebPageRequest.m */; settings = {COMPILER_FLAGS = "-fno-objc-arc"; }; };
		6AC8122C173DB34900DAFDE2 /* ASICloudFilesCDNRequest.m in Sources */ = {isa = PBXBuildFile; fileRef = 6AC81202173DB34900DAFDE2 /* ASICloudFilesCDNRequest.m */; settings = {COMPILER_FLAGS = "-fno-objc-arc"; }; };
		6AC8122D173DB34900DAFDE2 /* ASICloudFilesContainer.m in Sources */ = {isa = PBXBuildFile; fileRef = 6AC81204173DB34900DAFDE2 /* ASICloudFilesContainer.m */; settings = {COMPILER_FLAGS = "-fno-objc-arc"; }; };
		6AC8122E173DB34900DAFDE2 /* ASICloudFilesContainerRequest.m in Sources */ = {isa = PBXBuildFile; fileRef = 6AC81206173DB34900DAFDE2 /* ASICloudFilesContainerRequest.m */; settings = {COMPILER_FLAGS = "-fno-objc-arc"; }; };
		6AC8122F173DB34900DAFDE2 /* ASICloudFilesContainerXMLParserDelegate.m in Sources */ = {isa = PBXBuildFile; fileRef = 6AC81208173DB34900DAFDE2 /* ASICloudFilesContainerXMLParserDelegate.m */; settings = {COMPILER_FLAGS = "-fno-objc-arc"; }; };
		6AC81230173DB34900DAFDE2 /* ASICloudFilesObject.m in Sources */ = {isa = PBXBuildFile; fileRef = 6AC8120A173DB34900DAFDE2 /* ASICloudFilesObject.m */; settings = {COMPILER_FLAGS = "-fno-objc-arc"; }; };
		6AC81231173DB34900DAFDE2 /* ASICloudFilesObjectRequest.m in Sources */ = {isa = PBXBuildFile; fileRef = 6AC8120C173DB34900DAFDE2 /* ASICloudFilesObjectRequest.m */; settings = {COMPILER_FLAGS = "-fno-objc-arc"; }; };
		6AC81232173DB34900DAFDE2 /* ASICloudFilesRequest.m in Sources */ = {isa = PBXBuildFile; fileRef = 6AC8120E173DB34900DAFDE2 /* ASICloudFilesRequest.m */; settings = {COMPILER_FLAGS = "-fno-objc-arc"; }; };
		6AC81233173DB34900DAFDE2 /* ASIS3Bucket.m in Sources */ = {isa = PBXBuildFile; fileRef = 6AC81212173DB34900DAFDE2 /* ASIS3Bucket.m */; settings = {COMPILER_FLAGS = "-fno-objc-arc"; }; };
		6AC81234173DB34900DAFDE2 /* ASIS3BucketObject.m in Sources */ = {isa = PBXBuildFile; fileRef = 6AC81214173DB34900DAFDE2 /* ASIS3BucketObject.m */; settings = {COMPILER_FLAGS = "-fno-objc-arc"; }; };
		6AC81235173DB34900DAFDE2 /* ASIS3BucketRequest.m in Sources */ = {isa = PBXBuildFile; fileRef = 6AC81216173DB34900DAFDE2 /* ASIS3BucketRequest.m */; settings = {COMPILER_FLAGS = "-fno-objc-arc -w"; }; };
		6AC81236173DB34900DAFDE2 /* ASIS3ObjectRequest.m in Sources */ = {isa = PBXBuildFile; fileRef = 6AC81218173DB34900DAFDE2 /* ASIS3ObjectRequest.m */; settings = {COMPILER_FLAGS = "-fno-objc-arc"; }; };
		6AC81237173DB34900DAFDE2 /* ASIS3Request.m in Sources */ = {isa = PBXBuildFile; fileRef = 6AC8121A173DB34900DAFDE2 /* ASIS3Request.m */; settings = {COMPILER_FLAGS = "-fno-objc-arc"; }; };
		6AC81238173DB34900DAFDE2 /* ASIS3ServiceRequest.m in Sources */ = {isa = PBXBuildFile; fileRef = 6AC8121C173DB34900DAFDE2 /* ASIS3ServiceRequest.m */; settings = {COMPILER_FLAGS = "-fno-objc-arc"; }; };
		6AC81239173DB34900DAFDE2 /* LICENSE in Resources */ = {isa = PBXBuildFile; fileRef = 6AC8121D173DB34900DAFDE2 /* LICENSE */; };
		6AC8123B173DB34900DAFDE2 /* JSONKit.m in Sources */ = {isa = PBXBuildFile; fileRef = 6AC81221173DB34900DAFDE2 /* JSONKit.m */; settings = {COMPILER_FLAGS = "-fno-objc-arc -w"; }; };
		6AC8123F173DB86400DAFDE2 /* SignUpViewController.m in Sources */ = {isa = PBXBuildFile; fileRef = 6AC8123E173DB86400DAFDE2 /* SignUpViewController.m */; };
		6AC81242173DB86E00DAFDE2 /* SignUpViewController.xib in Resources */ = {isa = PBXBuildFile; fileRef = 6AC81240173DB86E00DAFDE2 /* SignUpViewController.xib */; };
		6AD45DCB173DB9E700B4F493 /* libxml2.dylib in Frameworks */ = {isa = PBXBuildFile; fileRef = 6AD45DCA173DB9E700B4F493 /* libxml2.dylib */; };
		6AD45DCD173DB9F800B4F493 /* libxml2.2.dylib in Frameworks */ = {isa = PBXBuildFile; fileRef = 6AD45DCC173DB9F800B4F493 /* libxml2.2.dylib */; };
		6AD45DD9173DBD5400B4F493 /* CFNetwork.framework in Frameworks */ = {isa = PBXBuildFile; fileRef = 6AD45DD8173DBD5400B4F493 /* CFNetwork.framework */; };
		6AD45DDB173DBD6600B4F493 /* MobileCoreServices.framework in Frameworks */ = {isa = PBXBuildFile; fileRef = 6AD45DDA173DBD6600B4F493 /* MobileCoreServices.framework */; };
		6AD45DDD173DBD7A00B4F493 /* SystemConfiguration.framework in Frameworks */ = {isa = PBXBuildFile; fileRef = 6AD45DDC173DBD7A00B4F493 /* SystemConfiguration.framework */; };
		6AD45DDF173DBD9700B4F493 /* libz.dylib in Frameworks */ = {isa = PBXBuildFile; fileRef = 6AD45DDE173DBD9600B4F493 /* libz.dylib */; };
		6AD45DE3173DC44600B4F493 /* ApiCalls.m in Sources */ = {isa = PBXBuildFile; fileRef = 6AD45DE2173DC44600B4F493 /* ApiCalls.m */; };
		6AD45DE8173DCC4100B4F493 /* Model.xcdatamodeld in Sources */ = {isa = PBXBuildFile; fileRef = 6AD45DE6173DCC4100B4F493 /* Model.xcdatamodeld */; };
		6AD45DEB173DCCB500B4F493 /* User.m in Sources */ = {isa = PBXBuildFile; fileRef = 6AD45DEA173DCCB500B4F493 /* User.m */; };
		6AD45DED173DCDAB00B4F493 /* CoreData.framework in Frameworks */ = {isa = PBXBuildFile; fileRef = 6AD45DEC173DCDAB00B4F493 /* CoreData.framework */; };
		6AD45F72173EC7D800B4F493 /* Reachability.m in Sources */ = {isa = PBXBuildFile; fileRef = 6AD45F70173EC7D800B4F493 /* Reachability.m */; };
		6AD45F73173EC7D800B4F493 /* Reachability.podspec in Resources */ = {isa = PBXBuildFile; fileRef = 6AD45F71173EC7D800B4F493 /* Reachability.podspec */; };
		6AD45F88173EC7EA00B4F493 /* ASIAuthenticationDialog.m in Sources */ = {isa = PBXBuildFile; fileRef = 6AD45F75173EC7EA00B4F493 /* ASIAuthenticationDialog.m */; settings = {COMPILER_FLAGS = "-fno-objc-arc"; }; };
		6AD45F89173EC7EA00B4F493 /* ASIDataCompressor.m in Sources */ = {isa = PBXBuildFile; fileRef = 6AD45F78173EC7EA00B4F493 /* ASIDataCompressor.m */; settings = {COMPILER_FLAGS = "-fno-objc-arc"; }; };
		6AD45F8A173EC7EA00B4F493 /* ASIDataDecompressor.m in Sources */ = {isa = PBXBuildFile; fileRef = 6AD45F7A173EC7EA00B4F493 /* ASIDataDecompressor.m */; settings = {COMPILER_FLAGS = "-fno-objc-arc"; }; };
		6AD45F8B173EC7EA00B4F493 /* ASIDownloadCache.m in Sources */ = {isa = PBXBuildFile; fileRef = 6AD45F7C173EC7EA00B4F493 /* ASIDownloadCache.m */; settings = {COMPILER_FLAGS = "-fno-objc-arc"; }; };
		6AD45F8C173EC7EA00B4F493 /* ASIFormDataRequest.m in Sources */ = {isa = PBXBuildFile; fileRef = 6AD45F7E173EC7EA00B4F493 /* ASIFormDataRequest.m */; settings = {COMPILER_FLAGS = "-fno-objc-arc"; }; };
		6AD45F8D173EC7EA00B4F493 /* ASIHTTPRequest.m in Sources */ = {isa = PBXBuildFile; fileRef = 6AD45F80173EC7EA00B4F493 /* ASIHTTPRequest.m */; settings = {COMPILER_FLAGS = "-fno-objc-arc"; }; };
		6AD45F8E173EC7EA00B4F493 /* ASIInputStream.m in Sources */ = {isa = PBXBuildFile; fileRef = 6AD45F84173EC7EA00B4F493 /* ASIInputStream.m */; settings = {COMPILER_FLAGS = "-fno-objc-arc"; }; };
		6AD45F8F173EC7EA00B4F493 /* ASINetworkQueue.m in Sources */ = {isa = PBXBuildFile; fileRef = 6AD45F86173EC7EA00B4F493 /* ASINetworkQueue.m */; settings = {COMPILER_FLAGS = "-fno-objc-arc"; }; };
/* End PBXBuildFile section */

/* Begin PBXFileReference section */
		6AC811C0173DB2E100DAFDE2 /* SignUp.app */ = {isa = PBXFileReference; explicitFileType = wrapper.application; includeInIndex = 0; path = SignUp.app; sourceTree = BUILT_PRODUCTS_DIR; };
		6AC811C3173DB2E100DAFDE2 /* UIKit.framework */ = {isa = PBXFileReference; lastKnownFileType = wrapper.framework; name = UIKit.framework; path = System/Library/Frameworks/UIKit.framework; sourceTree = SDKROOT; };
		6AC811C5173DB2E100DAFDE2 /* Foundation.framework */ = {isa = PBXFileReference; lastKnownFileType = wrapper.framework; name = Foundation.framework; path = System/Library/Frameworks/Foundation.framework; sourceTree = SDKROOT; };
		6AC811C7173DB2E100DAFDE2 /* CoreGraphics.framework */ = {isa = PBXFileReference; lastKnownFileType = wrapper.framework; name = CoreGraphics.framework; path = System/Library/Frameworks/CoreGraphics.framework; sourceTree = SDKROOT; };
		6AC811CB173DB2E100DAFDE2 /* SignUp-Info.plist */ = {isa = PBXFileReference; lastKnownFileType = text.plist.xml; path = "SignUp-Info.plist"; sourceTree = "<group>"; };
		6AC811CD173DB2E100DAFDE2 /* en */ = {isa = PBXFileReference; lastKnownFileType = text.plist.strings; name = en; path = en.lproj/InfoPlist.strings; sourceTree = "<group>"; };
		6AC811CF173DB2E100DAFDE2 /* main.m */ = {isa = PBXFileReference; lastKnownFileType = sourcecode.c.objc; path = main.m; sourceTree = "<group>"; };
		6AC811D1173DB2E100DAFDE2 /* SignUp-Prefix.pch */ = {isa = PBXFileReference; lastKnownFileType = sourcecode.c.h; path = "SignUp-Prefix.pch"; sourceTree = "<group>"; };
		6AC811D2173DB2E100DAFDE2 /* AppDelegate.h */ = {isa = PBXFileReference; lastKnownFileType = sourcecode.c.h; path = AppDelegate.h; sourceTree = "<group>"; };
		6AC811D3173DB2E100DAFDE2 /* AppDelegate.m */ = {isa = PBXFileReference; lastKnownFileType = sourcecode.c.objc; path = AppDelegate.m; sourceTree = "<group>"; };
		6AC811D5173DB2E100DAFDE2 /* Default.png */ = {isa = PBXFileReference; lastKnownFileType = image.png; path = Default.png; sourceTree = "<group>"; };
		6AC811D7173DB2E100DAFDE2 /* Default@2x.png */ = {isa = PBXFileReference; lastKnownFileType = image.png; path = "Default@2x.png"; sourceTree = "<group>"; };
		6AC811D9173DB2E100DAFDE2 /* Default-568h@2x.png */ = {isa = PBXFileReference; lastKnownFileType = image.png; path = "Default-568h@2x.png"; sourceTree = "<group>"; };
		6AC811FE173DB34900DAFDE2 /* ASIWebPageRequest.h */ = {isa = PBXFileReference; fileEncoding = 4; lastKnownFileType = sourcecode.c.h; path = ASIWebPageRequest.h; sourceTree = "<group>"; };
		6AC811FF173DB34900DAFDE2 /* ASIWebPageRequest.m */ = {isa = PBXFileReference; fileEncoding = 4; lastKnownFileType = sourcecode.c.objc; path = ASIWebPageRequest.m; sourceTree = "<group>"; };
		6AC81201173DB34900DAFDE2 /* ASICloudFilesCDNRequest.h */ = {isa = PBXFileReference; fileEncoding = 4; lastKnownFileType = sourcecode.c.h; path = ASICloudFilesCDNRequest.h; sourceTree = "<group>"; };
		6AC81202173DB34900DAFDE2 /* ASICloudFilesCDNRequest.m */ = {isa = PBXFileReference; fileEncoding = 4; lastKnownFileType = sourcecode.c.objc; path = ASICloudFilesCDNRequest.m; sourceTree = "<group>"; };
		6AC81203173DB34900DAFDE2 /* ASICloudFilesContainer.h */ = {isa = PBXFileReference; fileEncoding = 4; lastKnownFileType = sourcecode.c.h; path = ASICloudFilesContainer.h; sourceTree = "<group>"; };
		6AC81204173DB34900DAFDE2 /* ASICloudFilesContainer.m */ = {isa = PBXFileReference; fileEncoding = 4; lastKnownFileType = sourcecode.c.objc; path = ASICloudFilesContainer.m; sourceTree = "<group>"; };
		6AC81205173DB34900DAFDE2 /* ASICloudFilesContainerRequest.h */ = {isa = PBXFileReference; fileEncoding = 4; lastKnownFileType = sourcecode.c.h; path = ASICloudFilesContainerRequest.h; sourceTree = "<group>"; };
		6AC81206173DB34900DAFDE2 /* ASICloudFilesContainerRequest.m */ = {isa = PBXFileReference; fileEncoding = 4; lastKnownFileType = sourcecode.c.objc; path = ASICloudFilesContainerRequest.m; sourceTree = "<group>"; };
		6AC81207173DB34900DAFDE2 /* ASICloudFilesContainerXMLParserDelegate.h */ = {isa = PBXFileReference; fileEncoding = 4; lastKnownFileType = sourcecode.c.h; path = ASICloudFilesContainerXMLParserDelegate.h; sourceTree = "<group>"; };
		6AC81208173DB34900DAFDE2 /* ASICloudFilesContainerXMLParserDelegate.m */ = {isa = PBXFileReference; fileEncoding = 4; lastKnownFileType = sourcecode.c.objc; path = ASICloudFilesContainerXMLParserDelegate.m; sourceTree = "<group>"; };
		6AC81209173DB34900DAFDE2 /* ASICloudFilesObject.h */ = {isa = PBXFileReference; fileEncoding = 4; lastKnownFileType = sourcecode.c.h; path = ASICloudFilesObject.h; sourceTree = "<group>"; };
		6AC8120A173DB34900DAFDE2 /* ASICloudFilesObject.m */ = {isa = PBXFileReference; fileEncoding = 4; lastKnownFileType = sourcecode.c.objc; path = ASICloudFilesObject.m; sourceTree = "<group>"; };
		6AC8120B173DB34900DAFDE2 /* ASICloudFilesObjectRequest.h */ = {isa = PBXFileReference; fileEncoding = 4; lastKnownFileType = sourcecode.c.h; path = ASICloudFilesObjectRequest.h; sourceTree = "<group>"; };
		6AC8120C173DB34900DAFDE2 /* ASICloudFilesObjectRequest.m */ = {isa = PBXFileReference; fileEncoding = 4; lastKnownFileType = sourcecode.c.objc; path = ASICloudFilesObjectRequest.m; sourceTree = "<group>"; };
		6AC8120D173DB34900DAFDE2 /* ASICloudFilesRequest.h */ = {isa = PBXFileReference; fileEncoding = 4; lastKnownFileType = sourcecode.c.h; path = ASICloudFilesRequest.h; sourceTree = "<group>"; };
		6AC8120E173DB34900DAFDE2 /* ASICloudFilesRequest.m */ = {isa = PBXFileReference; fileEncoding = 4; lastKnownFileType = sourcecode.c.objc; path = ASICloudFilesRequest.m; sourceTree = "<group>"; };
		6AC81210173DB34900DAFDE2 /* ASINSXMLParserCompat.h */ = {isa = PBXFileReference; fileEncoding = 4; lastKnownFileType = sourcecode.c.h; path = ASINSXMLParserCompat.h; sourceTree = "<group>"; };
		6AC81211173DB34900DAFDE2 /* ASIS3Bucket.h */ = {isa = PBXFileReference; fileEncoding = 4; lastKnownFileType = sourcecode.c.h; path = ASIS3Bucket.h; sourceTree = "<group>"; };
		6AC81212173DB34900DAFDE2 /* ASIS3Bucket.m */ = {isa = PBXFileReference; fileEncoding = 4; lastKnownFileType = sourcecode.c.objc; path = ASIS3Bucket.m; sourceTree = "<group>"; };
		6AC81213173DB34900DAFDE2 /* ASIS3BucketObject.h */ = {isa = PBXFileReference; fileEncoding = 4; lastKnownFileType = sourcecode.c.h; path = ASIS3BucketObject.h; sourceTree = "<group>"; };
		6AC81214173DB34900DAFDE2 /* ASIS3BucketObject.m */ = {isa = PBXFileReference; fileEncoding = 4; lastKnownFileType = sourcecode.c.objc; path = ASIS3BucketObject.m; sourceTree = "<group>"; };
		6AC81215173DB34900DAFDE2 /* ASIS3BucketRequest.h */ = {isa = PBXFileReference; fileEncoding = 4; lastKnownFileType = sourcecode.c.h; path = ASIS3BucketRequest.h; sourceTree = "<group>"; };
		6AC81216173DB34900DAFDE2 /* ASIS3BucketRequest.m */ = {isa = PBXFileReference; fileEncoding = 4; lastKnownFileType = sourcecode.c.objc; path = ASIS3BucketRequest.m; sourceTree = "<group>"; };
		6AC81217173DB34900DAFDE2 /* ASIS3ObjectRequest.h */ = {isa = PBXFileReference; fileEncoding = 4; lastKnownFileType = sourcecode.c.h; path = ASIS3ObjectRequest.h; sourceTree = "<group>"; };
		6AC81218173DB34900DAFDE2 /* ASIS3ObjectRequest.m */ = {isa = PBXFileReference; fileEncoding = 4; lastKnownFileType = sourcecode.c.objc; path = ASIS3ObjectRequest.m; sourceTree = "<group>"; };
		6AC81219173DB34900DAFDE2 /* ASIS3Request.h */ = {isa = PBXFileReference; fileEncoding = 4; lastKnownFileType = sourcecode.c.h; path = ASIS3Request.h; sourceTree = "<group>"; };
		6AC8121A173DB34900DAFDE2 /* ASIS3Request.m */ = {isa = PBXFileReference; fileEncoding = 4; lastKnownFileType = sourcecode.c.objc; path = ASIS3Request.m; sourceTree = "<group>"; };
		6AC8121B173DB34900DAFDE2 /* ASIS3ServiceRequest.h */ = {isa = PBXFileReference; fileEncoding = 4; lastKnownFileType = sourcecode.c.h; path = ASIS3ServiceRequest.h; sourceTree = "<group>"; };
		6AC8121C173DB34900DAFDE2 /* ASIS3ServiceRequest.m */ = {isa = PBXFileReference; fileEncoding = 4; lastKnownFileType = sourcecode.c.objc; path = ASIS3ServiceRequest.m; sourceTree = "<group>"; };
		6AC8121D173DB34900DAFDE2 /* LICENSE */ = {isa = PBXFileReference; fileEncoding = 4; lastKnownFileType = text; path = LICENSE; sourceTree = "<group>"; };
		6AC8121E173DB34900DAFDE2 /* README.textile */ = {isa = PBXFileReference; fileEncoding = 4; lastKnownFileType = text; path = README.textile; sourceTree = "<group>"; };
		6AC81220173DB34900DAFDE2 /* JSONKit.h */ = {isa = PBXFileReference; fileEncoding = 4; lastKnownFileType = sourcecode.c.h; path = JSONKit.h; sourceTree = "<group>"; };
		6AC81221173DB34900DAFDE2 /* JSONKit.m */ = {isa = PBXFileReference; fileEncoding = 4; lastKnownFileType = sourcecode.c.objc; path = JSONKit.m; sourceTree = "<group>"; };
		6AC81222173DB34900DAFDE2 /* README.md */ = {isa = PBXFileReference; fileEncoding = 4; lastKnownFileType = text; path = README.md; sourceTree = "<group>"; };
		6AC8123D173DB86400DAFDE2 /* SignUpViewController.h */ = {isa = PBXFileReference; fileEncoding = 4; lastKnownFileType = sourcecode.c.h; path = SignUpViewController.h; sourceTree = "<group>"; };
		6AC8123E173DB86400DAFDE2 /* SignUpViewController.m */ = {isa = PBXFileReference; fileEncoding = 4; lastKnownFileType = sourcecode.c.objc; path = SignUpViewController.m; sourceTree = "<group>"; };
		6AC81241173DB86E00DAFDE2 /* en */ = {isa = PBXFileReference; lastKnownFileType = file.xib; name = en; path = en.lproj/SignUpViewController.xib; sourceTree = "<group>"; };
		6AD45DCA173DB9E700B4F493 /* libxml2.dylib */ = {isa = PBXFileReference; lastKnownFileType = "compiled.mach-o.dylib"; name = libxml2.dylib; path = usr/lib/libxml2.dylib; sourceTree = SDKROOT; };
		6AD45DCC173DB9F800B4F493 /* libxml2.2.dylib */ = {isa = PBXFileReference; lastKnownFileType = "compiled.mach-o.dylib"; name = libxml2.2.dylib; path = usr/lib/libxml2.2.dylib; sourceTree = SDKROOT; };
		6AD45DD3173DBB3000B4F493 /* README.md */ = {isa = PBXFileReference; fileEncoding = 4; lastKnownFileType = text; path = README.md; sourceTree = "<group>"; };
		6AD45DD8173DBD5400B4F493 /* CFNetwork.framework */ = {isa = PBXFileReference; lastKnownFileType = wrapper.framework; name = CFNetwork.framework; path = System/Library/Frameworks/CFNetwork.framework; sourceTree = SDKROOT; };
		6AD45DDA173DBD6600B4F493 /* MobileCoreServices.framework */ = {isa = PBXFileReference; lastKnownFileType = wrapper.framework; name = MobileCoreServices.framework; path = System/Library/Frameworks/MobileCoreServices.framework; sourceTree = SDKROOT; };
		6AD45DDC173DBD7A00B4F493 /* SystemConfiguration.framework */ = {isa = PBXFileReference; lastKnownFileType = wrapper.framework; name = SystemConfiguration.framework; path = System/Library/Frameworks/SystemConfiguration.framework; sourceTree = SDKROOT; };
		6AD45DDE173DBD9600B4F493 /* libz.dylib */ = {isa = PBXFileReference; lastKnownFileType = "compiled.mach-o.dylib"; name = libz.dylib; path = usr/lib/libz.dylib; sourceTree = SDKROOT; };
		6AD45DE1173DC44600B4F493 /* ApiCalls.h */ = {isa = PBXFileReference; fileEncoding = 4; lastKnownFileType = sourcecode.c.h; path = ApiCalls.h; sourceTree = "<group>"; };
		6AD45DE2173DC44600B4F493 /* ApiCalls.m */ = {isa = PBXFileReference; fileEncoding = 4; lastKnownFileType = sourcecode.c.objc; path = ApiCalls.m; sourceTree = "<group>"; };
		6AD45DE7173DCC4100B4F493 /* Model.xcdatamodel */ = {isa = PBXFileReference; lastKnownFileType = wrapper.xcdatamodel; path = Model.xcdatamodel; sourceTree = "<group>"; };
		6AD45DE9173DCCB500B4F493 /* User.h */ = {isa = PBXFileReference; fileEncoding = 4; lastKnownFileType = sourcecode.c.h; path = User.h; sourceTree = "<group>"; };
		6AD45DEA173DCCB500B4F493 /* User.m */ = {isa = PBXFileReference; fileEncoding = 4; lastKnownFileType = sourcecode.c.objc; path = User.m; sourceTree = "<group>"; };
		6AD45DEC173DCDAB00B4F493 /* CoreData.framework */ = {isa = PBXFileReference; lastKnownFileType = wrapper.framework; name = CoreData.framework; path = System/Library/Frameworks/CoreData.framework; sourceTree = SDKROOT; };
		6AD45F6F173EC7D800B4F493 /* Reachability.h */ = {isa = PBXFileReference; fileEncoding = 4; lastKnownFileType = sourcecode.c.h; name = Reachability.h; path = /Users/maxmikheyenko/Desktop/Signup/Reachability/Reachability.h; sourceTree = "<absolute>"; };
		6AD45F70173EC7D800B4F493 /* Reachability.m */ = {isa = PBXFileReference; fileEncoding = 4; lastKnownFileType = sourcecode.c.objc; name = Reachability.m; path = Reachability/Reachability.m; sourceTree = SOURCE_ROOT; };
		6AD45F71173EC7D800B4F493 /* Reachability.podspec */ = {isa = PBXFileReference; fileEncoding = 4; lastKnownFileType = text; name = Reachability.podspec; path = Reachability/Reachability.podspec; sourceTree = SOURCE_ROOT; };
		6AD45F74173EC7EA00B4F493 /* ASIAuthenticationDialog.h */ = {isa = PBXFileReference; fileEncoding = 4; lastKnownFileType = sourcecode.c.h; name = ASIAuthenticationDialog.h; path = "asi-http-request/Classes/ASIAuthenticationDialog.h"; sourceTree = SOURCE_ROOT; };
		6AD45F75173EC7EA00B4F493 /* ASIAuthenticationDialog.m */ = {isa = PBXFileReference; fileEncoding = 4; lastKnownFileType = sourcecode.c.objc; name = ASIAuthenticationDialog.m; path = "asi-http-request/Classes/ASIAuthenticationDialog.m"; sourceTree = SOURCE_ROOT; };
		6AD45F76173EC7EA00B4F493 /* ASICacheDelegate.h */ = {isa = PBXFileReference; fileEncoding = 4; lastKnownFileType = sourcecode.c.h; name = ASICacheDelegate.h; path = "asi-http-request/Classes/ASICacheDelegate.h"; sourceTree = SOURCE_ROOT; };
		6AD45F77173EC7EA00B4F493 /* ASIDataCompressor.h */ = {isa = PBXFileReference; fileEncoding = 4; lastKnownFileType = sourcecode.c.h; name = ASIDataCompressor.h; path = "asi-http-request/Classes/ASIDataCompressor.h"; sourceTree = SOURCE_ROOT; };
		6AD45F78173EC7EA00B4F493 /* ASIDataCompressor.m */ = {isa = PBXFileReference; fileEncoding = 4; lastKnownFileType = sourcecode.c.objc; name = ASIDataCompressor.m; path = "asi-http-request/Classes/ASIDataCompressor.m"; sourceTree = SOURCE_ROOT; };
		6AD45F79173EC7EA00B4F493 /* ASIDataDecompressor.h */ = {isa = PBXFileReference; fileEncoding = 4; lastKnownFileType = sourcecode.c.h; name = ASIDataDecompressor.h; path = "asi-http-request/Classes/ASIDataDecompressor.h"; sourceTree = SOURCE_ROOT; };
		6AD45F7A173EC7EA00B4F493 /* ASIDataDecompressor.m */ = {isa = PBXFileReference; fileEncoding = 4; lastKnownFileType = sourcecode.c.objc; name = ASIDataDecompressor.m; path = "asi-http-request/Classes/ASIDataDecompressor.m"; sourceTree = SOURCE_ROOT; };
		6AD45F7B173EC7EA00B4F493 /* ASIDownloadCache.h */ = {isa = PBXFileReference; fileEncoding = 4; lastKnownFileType = sourcecode.c.h; name = ASIDownloadCache.h; path = "asi-http-request/Classes/ASIDownloadCache.h"; sourceTree = SOURCE_ROOT; };
		6AD45F7C173EC7EA00B4F493 /* ASIDownloadCache.m */ = {isa = PBXFileReference; fileEncoding = 4; lastKnownFileType = sourcecode.c.objc; name = ASIDownloadCache.m; path = "asi-http-request/Classes/ASIDownloadCache.m"; sourceTree = SOURCE_ROOT; };
		6AD45F7D173EC7EA00B4F493 /* ASIFormDataRequest.h */ = {isa = PBXFileReference; fileEncoding = 4; lastKnownFileType = sourcecode.c.h; name = ASIFormDataRequest.h; path = "asi-http-request/Classes/ASIFormDataRequest.h"; sourceTree = SOURCE_ROOT; };
		6AD45F7E173EC7EA00B4F493 /* ASIFormDataRequest.m */ = {isa = PBXFileReference; fileEncoding = 4; lastKnownFileType = sourcecode.c.objc; name = ASIFormDataRequest.m; path = "asi-http-request/Classes/ASIFormDataRequest.m"; sourceTree = SOURCE_ROOT; };
		6AD45F7F173EC7EA00B4F493 /* ASIHTTPRequest.h */ = {isa = PBXFileReference; fileEncoding = 4; lastKnownFileType = sourcecode.c.h; name = ASIHTTPRequest.h; path = "asi-http-request/Classes/ASIHTTPRequest.h"; sourceTree = SOURCE_ROOT; };
		6AD45F80173EC7EA00B4F493 /* ASIHTTPRequest.m */ = {isa = PBXFileReference; fileEncoding = 4; lastKnownFileType = sourcecode.c.objc; name = ASIHTTPRequest.m; path = "asi-http-request/Classes/ASIHTTPRequest.m"; sourceTree = SOURCE_ROOT; };
		6AD45F81173EC7EA00B4F493 /* ASIHTTPRequestConfig.h */ = {isa = PBXFileReference; fileEncoding = 4; lastKnownFileType = sourcecode.c.h; name = ASIHTTPRequestConfig.h; path = "asi-http-request/Classes/ASIHTTPRequestConfig.h"; sourceTree = SOURCE_ROOT; };
		6AD45F82173EC7EA00B4F493 /* ASIHTTPRequestDelegate.h */ = {isa = PBXFileReference; fileEncoding = 4; lastKnownFileType = sourcecode.c.h; name = ASIHTTPRequestDelegate.h; path = "asi-http-request/Classes/ASIHTTPRequestDelegate.h"; sourceTree = SOURCE_ROOT; };
		6AD45F83173EC7EA00B4F493 /* ASIInputStream.h */ = {isa = PBXFileReference; fileEncoding = 4; lastKnownFileType = sourcecode.c.h; name = ASIInputStream.h; path = "asi-http-request/Classes/ASIInputStream.h"; sourceTree = SOURCE_ROOT; };
		6AD45F84173EC7EA00B4F493 /* ASIInputStream.m */ = {isa = PBXFileReference; fileEncoding = 4; lastKnownFileType = sourcecode.c.objc; name = ASIInputStream.m; path = "asi-http-request/Classes/ASIInputStream.m"; sourceTree = SOURCE_ROOT; };
		6AD45F85173EC7EA00B4F493 /* ASINetworkQueue.h */ = {isa = PBXFileReference; fileEncoding = 4; lastKnownFileType = sourcecode.c.h; name = ASINetworkQueue.h; path = "asi-http-request/Classes/ASINetworkQueue.h"; sourceTree = SOURCE_ROOT; };
		6AD45F86173EC7EA00B4F493 /* ASINetworkQueue.m */ = {isa = PBXFileReference; fileEncoding = 4; lastKnownFileType = sourcecode.c.objc; name = ASINetworkQueue.m; path = "asi-http-request/Classes/ASINetworkQueue.m"; sourceTree = SOURCE_ROOT; };
		6AD45F87173EC7EA00B4F493 /* ASIProgressDelegate.h */ = {isa = PBXFileReference; fileEncoding = 4; lastKnownFileType = sourcecode.c.h; name = ASIProgressDelegate.h; path = "asi-http-request/Classes/ASIProgressDelegate.h"; sourceTree = SOURCE_ROOT; };
/* End PBXFileReference section */

/* Begin PBXFrameworksBuildPhase section */
		6AC811BD173DB2E100DAFDE2 /* Frameworks */ = {
			isa = PBXFrameworksBuildPhase;
			buildActionMask = 2147483647;
			files = (
				6AD45DED173DCDAB00B4F493 /* CoreData.framework in Frameworks */,
				6AD45DDF173DBD9700B4F493 /* libz.dylib in Frameworks */,
				6AD45DDD173DBD7A00B4F493 /* SystemConfiguration.framework in Frameworks */,
				6AD45DDB173DBD6600B4F493 /* MobileCoreServices.framework in Frameworks */,
				6AC811C8173DB2E100DAFDE2 /* CoreGraphics.framework in Frameworks */,
				6AD45DD9173DBD5400B4F493 /* CFNetwork.framework in Frameworks */,
				6AD45DCD173DB9F800B4F493 /* libxml2.2.dylib in Frameworks */,
				6AD45DCB173DB9E700B4F493 /* libxml2.dylib in Frameworks */,
				6AC811C4173DB2E100DAFDE2 /* UIKit.framework in Frameworks */,
				6AC811C6173DB2E100DAFDE2 /* Foundation.framework in Frameworks */,
			);
			runOnlyForDeploymentPostprocessing = 0;
		};
/* End PBXFrameworksBuildPhase section */

/* Begin PBXGroup section */
		6AC811B7173DB2E100DAFDE2 = {
			isa = PBXGroup;
			children = (
				6AC811C9173DB2E100DAFDE2 /* SignUp */,
				6AC811C2173DB2E100DAFDE2 /* Frameworks */,
				6AC811C1173DB2E100DAFDE2 /* Products */,
			);
			sourceTree = "<group>";
		};
		6AC811C1173DB2E100DAFDE2 /* Products */ = {
			isa = PBXGroup;
			children = (
				6AC811C0173DB2E100DAFDE2 /* SignUp.app */,
			);
			name = Products;
			sourceTree = "<group>";
		};
		6AC811C2173DB2E100DAFDE2 /* Frameworks */ = {
			isa = PBXGroup;
			children = (
				6AD45DEC173DCDAB00B4F493 /* CoreData.framework */,
				6AD45DDC173DBD7A00B4F493 /* SystemConfiguration.framework */,
				6AD45DDA173DBD6600B4F493 /* MobileCoreServices.framework */,
				6AD45DD8173DBD5400B4F493 /* CFNetwork.framework */,
				6AD45DCC173DB9F800B4F493 /* libxml2.2.dylib */,
				6AD45DCA173DB9E700B4F493 /* libxml2.dylib */,
				6AD45DDE173DBD9600B4F493 /* libz.dylib */,
				6AD45DCF173DBB3000B4F493 /* Reachability */,
				6AC811E7173DB34900DAFDE2 /* ASIHTTPRequest */,
				6AC8121F173DB34900DAFDE2 /* JSONKit */,
				6AC811C3173DB2E100DAFDE2 /* UIKit.framework */,
				6AC811C5173DB2E100DAFDE2 /* Foundation.framework */,
				6AC811C7173DB2E100DAFDE2 /* CoreGraphics.framework */,
			);
			name = Frameworks;
			sourceTree = "<group>";
		};
		6AC811C9173DB2E100DAFDE2 /* SignUp */ = {
			isa = PBXGroup;
			children = (
				6AD45DE5173DCC3000B4F493 /* CoreData */,
				6AD45DE0173DC41A00B4F493 /* API */,
				6AC811E6173DB30600DAFDE2 /* View Controllers */,
				6AC811CA173DB2E100DAFDE2 /* Supporting Files */,
			);
			path = SignUp;
			sourceTree = "<group>";
		};
		6AC811CA173DB2E100DAFDE2 /* Supporting Files */ = {
			isa = PBXGroup;
			children = (
				6AC811CB173DB2E100DAFDE2 /* SignUp-Info.plist */,
				6AC811CC173DB2E100DAFDE2 /* InfoPlist.strings */,
				6AC811CF173DB2E100DAFDE2 /* main.m */,
				6AC811D1173DB2E100DAFDE2 /* SignUp-Prefix.pch */,
				6AC811D5173DB2E100DAFDE2 /* Default.png */,
				6AC811D7173DB2E100DAFDE2 /* Default@2x.png */,
				6AC811D9173DB2E100DAFDE2 /* Default-568h@2x.png */,
			);
			name = "Supporting Files";
			sourceTree = "<group>";
		};
		6AC811E6173DB30600DAFDE2 /* View Controllers */ = {
			isa = PBXGroup;
			children = (
				6AC81240173DB86E00DAFDE2 /* SignUpViewController.xib */,
				6AC8123D173DB86400DAFDE2 /* SignUpViewController.h */,
				6AC8123E173DB86400DAFDE2 /* SignUpViewController.m */,
				6AC811D2173DB2E100DAFDE2 /* AppDelegate.h */,
				6AC811D3173DB2E100DAFDE2 /* AppDelegate.m */,
			);
			name = "View Controllers";
			sourceTree = "<group>";
		};
		6AC811E7173DB34900DAFDE2 /* ASIHTTPRequest */ = {
			isa = PBXGroup;
			children = (
				6AC811E8173DB34900DAFDE2 /* Classes */,
				6AC8121D173DB34900DAFDE2 /* LICENSE */,
				6AC8121E173DB34900DAFDE2 /* README.textile */,
			);
			name = ASIHTTPRequest;
			path = "asi-http-request";
			sourceTree = "<group>";
		};
		6AC811E8173DB34900DAFDE2 /* Classes */ = {
			isa = PBXGroup;
			children = (
				6AD45F74173EC7EA00B4F493 /* ASIAuthenticationDialog.h */,
				6AD45F75173EC7EA00B4F493 /* ASIAuthenticationDialog.m */,
				6AD45F76173EC7EA00B4F493 /* ASICacheDelegate.h */,
				6AD45F77173EC7EA00B4F493 /* ASIDataCompressor.h */,
				6AD45F78173EC7EA00B4F493 /* ASIDataCompressor.m */,
				6AD45F79173EC7EA00B4F493 /* ASIDataDecompressor.h */,
				6AD45F7A173EC7EA00B4F493 /* ASIDataDecompressor.m */,
				6AD45F7B173EC7EA00B4F493 /* ASIDownloadCache.h */,
				6AD45F7C173EC7EA00B4F493 /* ASIDownloadCache.m */,
				6AD45F7D173EC7EA00B4F493 /* ASIFormDataRequest.h */,
				6AD45F7E173EC7EA00B4F493 /* ASIFormDataRequest.m */,
				6AD45F7F173EC7EA00B4F493 /* ASIHTTPRequest.h */,
				6AD45F80173EC7EA00B4F493 /* ASIHTTPRequest.m */,
				6AD45F81173EC7EA00B4F493 /* ASIHTTPRequestConfig.h */,
				6AD45F82173EC7EA00B4F493 /* ASIHTTPRequestDelegate.h */,
				6AD45F83173EC7EA00B4F493 /* ASIInputStream.h */,
				6AD45F84173EC7EA00B4F493 /* ASIInputStream.m */,
				6AD45F85173EC7EA00B4F493 /* ASINetworkQueue.h */,
				6AD45F86173EC7EA00B4F493 /* ASINetworkQueue.m */,
				6AD45F87173EC7EA00B4F493 /* ASIProgressDelegate.h */,
				6AC811FD173DB34900DAFDE2 /* ASIWebPageRequest */,
				6AC81200173DB34900DAFDE2 /* CloudFiles */,
				6AC8120F173DB34900DAFDE2 /* S3 */,
			);
			path = Classes;
			sourceTree = "<group>";
		};
		6AC811FD173DB34900DAFDE2 /* ASIWebPageRequest */ = {
			isa = PBXGroup;
			children = (
				6AC811FE173DB34900DAFDE2 /* ASIWebPageRequest.h */,
				6AC811FF173DB34900DAFDE2 /* ASIWebPageRequest.m */,
			);
			path = ASIWebPageRequest;
			sourceTree = "<group>";
		};
		6AC81200173DB34900DAFDE2 /* CloudFiles */ = {
			isa = PBXGroup;
			children = (
				6AC81201173DB34900DAFDE2 /* ASICloudFilesCDNRequest.h */,
				6AC81202173DB34900DAFDE2 /* ASICloudFilesCDNRequest.m */,
				6AC81203173DB34900DAFDE2 /* ASICloudFilesContainer.h */,
				6AC81204173DB34900DAFDE2 /* ASICloudFilesContainer.m */,
				6AC81205173DB34900DAFDE2 /* ASICloudFilesContainerRequest.h */,
				6AC81206173DB34900DAFDE2 /* ASICloudFilesContainerRequest.m */,
				6AC81207173DB34900DAFDE2 /* ASICloudFilesContainerXMLParserDelegate.h */,
				6AC81208173DB34900DAFDE2 /* ASICloudFilesContainerXMLParserDelegate.m */,
				6AC81209173DB34900DAFDE2 /* ASICloudFilesObject.h */,
				6AC8120A173DB34900DAFDE2 /* ASICloudFilesObject.m */,
				6AC8120B173DB34900DAFDE2 /* ASICloudFilesObjectRequest.h */,
				6AC8120C173DB34900DAFDE2 /* ASICloudFilesObjectRequest.m */,
				6AC8120D173DB34900DAFDE2 /* ASICloudFilesRequest.h */,
				6AC8120E173DB34900DAFDE2 /* ASICloudFilesRequest.m */,
			);
			path = CloudFiles;
			sourceTree = "<group>";
		};
		6AC8120F173DB34900DAFDE2 /* S3 */ = {
			isa = PBXGroup;
			children = (
				6AC81210173DB34900DAFDE2 /* ASINSXMLParserCompat.h */,
				6AC81211173DB34900DAFDE2 /* ASIS3Bucket.h */,
				6AC81212173DB34900DAFDE2 /* ASIS3Bucket.m */,
				6AC81213173DB34900DAFDE2 /* ASIS3BucketObject.h */,
				6AC81214173DB34900DAFDE2 /* ASIS3BucketObject.m */,
				6AC81215173DB34900DAFDE2 /* ASIS3BucketRequest.h */,
				6AC81216173DB34900DAFDE2 /* ASIS3BucketRequest.m */,
				6AC81217173DB34900DAFDE2 /* ASIS3ObjectRequest.h */,
				6AC81218173DB34900DAFDE2 /* ASIS3ObjectRequest.m */,
				6AC81219173DB34900DAFDE2 /* ASIS3Request.h */,
				6AC8121A173DB34900DAFDE2 /* ASIS3Request.m */,
				6AC8121B173DB34900DAFDE2 /* ASIS3ServiceRequest.h */,
				6AC8121C173DB34900DAFDE2 /* ASIS3ServiceRequest.m */,
			);
			path = S3;
			sourceTree = "<group>";
		};
		6AC8121F173DB34900DAFDE2 /* JSONKit */ = {
			isa = PBXGroup;
			children = (
				6AC81220173DB34900DAFDE2 /* JSONKit.h */,
				6AC81221173DB34900DAFDE2 /* JSONKit.m */,
				6AC81222173DB34900DAFDE2 /* README.md */,
			);
			path = JSONKit;
			sourceTree = "<group>";
		};
		6AD45DCF173DBB3000B4F493 /* Reachability */ = {
			isa = PBXGroup;
			children = (
				6AD45F6F173EC7D800B4F493 /* Reachability.h */,
				6AD45F70173EC7D800B4F493 /* Reachability.m */,
				6AD45F71173EC7D800B4F493 /* Reachability.podspec */,
				6AD45DD3173DBB3000B4F493 /* README.md */,
			);
			path = Reachability;
			sourceTree = "<group>";
		};
		6AD45DE0173DC41A00B4F493 /* API */ = {
			isa = PBXGroup;
			children = (
				6AD45DE1173DC44600B4F493 /* ApiCalls.h */,
				6AD45DE2173DC44600B4F493 /* ApiCalls.m */,
			);
			name = API;
			sourceTree = "<group>";
		};
		6AD45DE5173DCC3000B4F493 /* CoreData */ = {
			isa = PBXGroup;
			children = (
				6AD45DE6173DCC4100B4F493 /* Model.xcdatamodeld */,
				6AD45DE9173DCCB500B4F493 /* User.h */,
				6AD45DEA173DCCB500B4F493 /* User.m */,
			);
			name = CoreData;
			sourceTree = "<group>";
		};
/* End PBXGroup section */

/* Begin PBXNativeTarget section */
		6AC811BF173DB2E100DAFDE2 /* SignUp */ = {
			isa = PBXNativeTarget;
			buildConfigurationList = 6AC811E3173DB2E100DAFDE2 /* Build configuration list for PBXNativeTarget "SignUp" */;
			buildPhases = (
				6AC811BC173DB2E100DAFDE2 /* Sources */,
				6AC811BD173DB2E100DAFDE2 /* Frameworks */,
				6AC811BE173DB2E100DAFDE2 /* Resources */,
			);
			buildRules = (
			);
			dependencies = (
			);
			name = SignUp;
			productName = SignUp;
			productReference = 6AC811C0173DB2E100DAFDE2 /* SignUp.app */;
			productType = "com.apple.product-type.application";
		};
/* End PBXNativeTarget section */

/* Begin PBXProject section */
		6AC811B8173DB2E100DAFDE2 /* Project object */ = {
			isa = PBXProject;
			attributes = {
				LastUpgradeCheck = 0460;
				ORGANIZATIONNAME = "Max Mikheyenko";
			};
			buildConfigurationList = 6AC811BB173DB2E100DAFDE2 /* Build configuration list for PBXProject "SignUp" */;
			compatibilityVersion = "Xcode 3.2";
			developmentRegion = English;
			hasScannedForEncodings = 0;
			knownRegions = (
				en,
			);
			mainGroup = 6AC811B7173DB2E100DAFDE2;
			productRefGroup = 6AC811C1173DB2E100DAFDE2 /* Products */;
			projectDirPath = "";
			projectRoot = "";
			targets = (
				6AC811BF173DB2E100DAFDE2 /* SignUp */,
			);
		};
/* End PBXProject section */

/* Begin PBXResourcesBuildPhase section */
		6AC811BE173DB2E100DAFDE2 /* Resources */ = {
			isa = PBXResourcesBuildPhase;
			buildActionMask = 2147483647;
			files = (
				6AC811CE173DB2E100DAFDE2 /* InfoPlist.strings in Resources */,
				6AC811D6173DB2E100DAFDE2 /* Default.png in Resources */,
				6AC811D8173DB2E100DAFDE2 /* Default@2x.png in Resources */,
				6AC811DA173DB2E100DAFDE2 /* Default-568h@2x.png in Resources */,
				6AC81239173DB34900DAFDE2 /* LICENSE in Resources */,
				6AC81242173DB86E00DAFDE2 /* SignUpViewController.xib in Resources */,
				6AD45F73173EC7D800B4F493 /* Reachability.podspec in Resources */,
			);
			runOnlyForDeploymentPostprocessing = 0;
		};
/* End PBXResourcesBuildPhase section */

/* Begin PBXSourcesBuildPhase section */
		6AC811BC173DB2E100DAFDE2 /* Sources */ = {
			isa = PBXSourcesBuildPhase;
			buildActionMask = 2147483647;
			files = (
				6AC811D0173DB2E100DAFDE2 /* main.m in Sources */,
				6AC811D4173DB2E100DAFDE2 /* AppDelegate.m in Sources */,
				6AC8122B173DB34900DAFDE2 /* ASIWebPageRequest.m in Sources */,
				6AC8122C173DB34900DAFDE2 /* ASICloudFilesCDNRequest.m in Sources */,
				6AC8122D173DB34900DAFDE2 /* ASICloudFilesContainer.m in Sources */,
				6AC8122E173DB34900DAFDE2 /* ASICloudFilesContainerRequest.m in Sources */,
				6AC8122F173DB34900DAFDE2 /* ASICloudFilesContainerXMLParserDelegate.m in Sources */,
				6AC81230173DB34900DAFDE2 /* ASICloudFilesObject.m in Sources */,
				6AC81231173DB34900DAFDE2 /* ASICloudFilesObjectRequest.m in Sources */,
				6AC81232173DB34900DAFDE2 /* ASICloudFilesRequest.m in Sources */,
				6AC81233173DB34900DAFDE2 /* ASIS3Bucket.m in Sources */,
				6AC81234173DB34900DAFDE2 /* ASIS3BucketObject.m in Sources */,
				6AC81235173DB34900DAFDE2 /* ASIS3BucketRequest.m in Sources */,
				6AC81236173DB34900DAFDE2 /* ASIS3ObjectRequest.m in Sources */,
				6AC81237173DB34900DAFDE2 /* ASIS3Request.m in Sources */,
				6AC81238173DB34900DAFDE2 /* ASIS3ServiceRequest.m in Sources */,
				6AC8123B173DB34900DAFDE2 /* JSONKit.m in Sources */,
				6AC8123F173DB86400DAFDE2 /* SignUpViewController.m in Sources */,
				6AD45DE3173DC44600B4F493 /* ApiCalls.m in Sources */,
				6AD45DE8173DCC4100B4F493 /* Model.xcdatamodeld in Sources */,
				6AD45DEB173DCCB500B4F493 /* User.m in Sources */,
				6AD45F72173EC7D800B4F493 /* Reachability.m in Sources */,
				6AD45F88173EC7EA00B4F493 /* ASIAuthenticationDialog.m in Sources */,
				6AD45F89173EC7EA00B4F493 /* ASIDataCompressor.m in Sources */,
				6AD45F8A173EC7EA00B4F493 /* ASIDataDecompressor.m in Sources */,
				6AD45F8B173EC7EA00B4F493 /* ASIDownloadCache.m in Sources */,
				6AD45F8C173EC7EA00B4F493 /* ASIFormDataRequest.m in Sources */,
				6AD45F8D173EC7EA00B4F493 /* ASIHTTPRequest.m in Sources */,
				6AD45F8E173EC7EA00B4F493 /* ASIInputStream.m in Sources */,
				6AD45F8F173EC7EA00B4F493 /* ASINetworkQueue.m in Sources */,
			);
			runOnlyForDeploymentPostprocessing = 0;
		};
/* End PBXSourcesBuildPhase section */

/* Begin PBXVariantGroup section */
		6AC811CC173DB2E100DAFDE2 /* InfoPlist.strings */ = {
			isa = PBXVariantGroup;
			children = (
				6AC811CD173DB2E100DAFDE2 /* en */,
			);
			name = InfoPlist.strings;
			sourceTree = "<group>";
		};
		6AC81240173DB86E00DAFDE2 /* SignUpViewController.xib */ = {
			isa = PBXVariantGroup;
			children = (
				6AC81241173DB86E00DAFDE2 /* en */,
			);
			name = SignUpViewController.xib;
			sourceTree = "<group>";
		};
/* End PBXVariantGroup section */

/* Begin XCBuildConfiguration section */
		6AC811E1173DB2E100DAFDE2 /* Debug */ = {
			isa = XCBuildConfiguration;
			buildSettings = {
				ALWAYS_SEARCH_USER_PATHS = NO;
				CLANG_CXX_LANGUAGE_STANDARD = "gnu++0x";
				CLANG_CXX_LIBRARY = "libc++";
				CLANG_ENABLE_OBJC_ARC = YES;
				CLANG_WARN_CONSTANT_CONVERSION = YES;
				CLANG_WARN_EMPTY_BODY = YES;
				CLANG_WARN_ENUM_CONVERSION = YES;
				CLANG_WARN_INT_CONVERSION = YES;
				CLANG_WARN__DUPLICATE_METHOD_MATCH = YES;
				"CODE_SIGN_IDENTITY[sdk=iphoneos*]" = "iPhone Developer";
				COPY_PHASE_STRIP = NO;
				GCC_C_LANGUAGE_STANDARD = gnu99;
				GCC_DYNAMIC_NO_PIC = NO;
				GCC_OPTIMIZATION_LEVEL = 0;
				GCC_PREPROCESSOR_DEFINITIONS = (
					"DEBUG=1",
					"$(inherited)",
				);
				GCC_SYMBOLS_PRIVATE_EXTERN = NO;
				GCC_WARN_ABOUT_RETURN_TYPE = YES;
				GCC_WARN_UNINITIALIZED_AUTOS = YES;
				GCC_WARN_UNUSED_VARIABLE = YES;
				IPHONEOS_DEPLOYMENT_TARGET = 6.1;
				ONLY_ACTIVE_ARCH = YES;
				SDKROOT = iphoneos;
			};
			name = Debug;
		};
		6AC811E2173DB2E100DAFDE2 /* Release */ = {
			isa = XCBuildConfiguration;
			buildSettings = {
				ALWAYS_SEARCH_USER_PATHS = NO;
				CLANG_CXX_LANGUAGE_STANDARD = "gnu++0x";
				CLANG_CXX_LIBRARY = "libc++";
				CLANG_ENABLE_OBJC_ARC = YES;
				CLANG_WARN_CONSTANT_CONVERSION = YES;
				CLANG_WARN_EMPTY_BODY = YES;
				CLANG_WARN_ENUM_CONVERSION = YES;
				CLANG_WARN_INT_CONVERSION = YES;
				CLANG_WARN__DUPLICATE_METHOD_MATCH = YES;
				"CODE_SIGN_IDENTITY[sdk=iphoneos*]" = "iPhone Developer";
				COPY_PHASE_STRIP = YES;
				GCC_C_LANGUAGE_STANDARD = gnu99;
				GCC_WARN_ABOUT_RETURN_TYPE = YES;
				GCC_WARN_UNINITIALIZED_AUTOS = YES;
				GCC_WARN_UNUSED_VARIABLE = YES;
				IPHONEOS_DEPLOYMENT_TARGET = 6.1;
				OTHER_CFLAGS = "-DNS_BLOCK_ASSERTIONS=1";
				SDKROOT = iphoneos;
				VALIDATE_PRODUCT = YES;
			};
			name = Release;
		};
		6AC811E4173DB2E100DAFDE2 /* Debug */ = {
			isa = XCBuildConfiguration;
			buildSettings = {
				CODE_SIGN_IDENTITY = "";
				"CODE_SIGN_IDENTITY[sdk=iphoneos*]" = "";
				GCC_PRECOMPILE_PREFIX_HEADER = YES;
				GCC_PREFIX_HEADER = "SignUp/SignUp-Prefix.pch";
				GCC_VERSION = com.apple.compilers.llvm.clang.1_0;
				HEADER_SEARCH_PATHS = "$(SDKROOT)/usr/include/libxml2";
				INFOPLIST_FILE = "SignUp/SignUp-Info.plist";
				IPHONEOS_DEPLOYMENT_TARGET = 5.0;
				PRODUCT_NAME = "$(TARGET_NAME)";
				WRAPPER_EXTENSION = app;
			};
			name = Debug;
		};
		6AC811E5173DB2E100DAFDE2 /* Release */ = {
			isa = XCBuildConfiguration;
			buildSettings = {
				CODE_SIGN_IDENTITY = "";
				"CODE_SIGN_IDENTITY[sdk=iphoneos*]" = "";
				GCC_PRECOMPILE_PREFIX_HEADER = YES;
				GCC_PREFIX_HEADER = "SignUp/SignUp-Prefix.pch";
				GCC_VERSION = com.apple.compilers.llvm.clang.1_0;
				HEADER_SEARCH_PATHS = "$(SDKROOT)/usr/include/libxml2";
				INFOPLIST_FILE = "SignUp/SignUp-Info.plist";
				IPHONEOS_DEPLOYMENT_TARGET = 5.0;
				PRODUCT_NAME = "$(TARGET_NAME)";
				WRAPPER_EXTENSION = app;
			};
			name = Release;
		};
/* End XCBuildConfiguration section */

/* Begin XCConfigurationList section */
		6AC811BB173DB2E100DAFDE2 /* Build configuration list for PBXProject "SignUp" */ = {
			isa = XCConfigurationList;
			buildConfigurations = (
				6AC811E1173DB2E100DAFDE2 /* Debug */,
				6AC811E2173DB2E100DAFDE2 /* Release */,
			);
			defaultConfigurationIsVisible = 0;
			defaultConfigurationName = Release;
		};
		6AC811E3173DB2E100DAFDE2 /* Build configuration list for PBXNativeTarget "SignUp" */ = {
			isa = XCConfigurationList;
			buildConfigurations = (
				6AC811E4173DB2E100DAFDE2 /* Debug */,
				6AC811E5173DB2E100DAFDE2 /* Release */,
			);
			defaultConfigurationIsVisible = 0;
			defaultConfigurationName = Release;
		};
/* End XCConfigurationList section */

/* Begin XCVersionGroup section */
		6AD45DE6173DCC4100B4F493 /* Model.xcdatamodeld */ = {
			isa = XCVersionGroup;
			children = (
				6AD45DE7173DCC4100B4F493 /* Model.xcdatamodel */,
			);
			currentVersion = 6AD45DE7173DCC4100B4F493 /* Model.xcdatamodel */;
			path = Model.xcdatamodeld;
			sourceTree = "<group>";
			versionGroupType = wrapper.xcdatamodel;
		};
/* End XCVersionGroup section */
	};
	rootObject = 6AC811B8173DB2E100DAFDE2 /* Project object */;
}
